
Microsoft Visual Studio Solution File, Format Version 12.00
# Visual Studio Version 16
VisualStudioVersion = 16.0.30204.135
MinimumVisualStudioVersion = 10.0.40219.1
Project("{FAE04EC0-301F-11D3-BF4B-00C04F79EFBC}") = "ConsoleApp1", "ConsoleApp1\ConsoleApp1.csproj", "{E8AB3E49-D348-417D-B4A8-A15BAEE3BA36}"
EndProject
Global
	GlobalSection(SolutionConfigurationPlatforms) = preSolution
		Debug|Any CPU = Debug|Any CPU
		Release|Any CPU = Release|Any CPU
	EndGlobalSection
	GlobalSection(ProjectConfigurationPlatforms) = postSolution
		{E8AB3E49-D348-417D-B4A8-A15BAEE3BA36}.Debug|Any CPU.ActiveCfg = Debug|Any CPU
		{E8AB3E49-D348-417D-B4A8-A15BAEE3BA36}.Debug|Any CPU.Build.0 = Debug|Any CPU
		{E8AB3E49-D348-417D-B4A8-A15BAEE3BA36}.Release|Any CPU.ActiveCfg = Release|Any CPU
		{E8AB3E49-D348-417D-B4A8-A15BAEE3BA36}.Release|Any CPU.Build.0 = Release|Any CPU
	EndGlobalSection
	GlobalSection(SolutionProperties) = preSolution
		HideSolutionNode = FALSE
	EndGlobalSection
	GlobalSection(ExtensibilityGlobals) = postSolution
		SolutionGuid = {84D0093D-732D-4462-8333-2CD2CFBA1AFE}
	EndGlobalSection
EndGlobal
